// !$*UTF8*$!
{
	archiveVersion = 1;
	classes = {
	};
	objectVersion = 77;
	objects = {

/* Begin PBXBuildFile section */
		E825C16A2E1D9783003D73C3 /* secp256k1 in Frameworks */ = {isa = PBXBuildFile; productRef = E825C1692E1D9783003D73C3 /* secp256k1 */; };
		E825C1762E1D9E79003D73C3 /* secp256k1 in Frameworks */ = {isa = PBXBuildFile; productRef = E825C1752E1D9E79003D73C3 /* secp256k1 */; };
		E85112A02E1D573E006CA44E /* BigInt in Frameworks */ = {isa = PBXBuildFile; productRef = E851129F2E1D573E006CA44E /* BigInt */; };
		E85112A32E1D575C006CA44E /* Toast in Frameworks */ = {isa = PBXBuildFile; productRef = E85112A22E1D575C006CA44E /* Toast */; };
		E85112A62E1D57FE006CA44E /* PersonaInquirySDK2 in Frameworks */ = {isa = PBXBuildFile; productRef = E85112A52E1D57FE006CA44E /* PersonaInquirySDK2 */; };
		E85112A92E1D8C07006CA44E /* CryptoSwift in Frameworks */ = {isa = PBXBuildFile; productRef = E85112A82E1D8C07006CA44E /* CryptoSwift */; };
/* End PBXBuildFile section */

/* Begin PBXContainerItemProxy section */
		E81E635F2D75A7AC008D1210 /* PBXContainerItemProxy */ = {
			isa = PBXContainerItemProxy;
			containerPortal = E81E63462D75A7AB008D1210 /* Project object */;
			proxyType = 1;
			remoteGlobalIDString = E81E634D2D75A7AB008D1210;
			remoteInfo = CryptoWallet;
		};
		E81E63692D75A7AC008D1210 /* PBXContainerItemProxy */ = {
			isa = PBXContainerItemProxy;
			containerPortal = E81E63462D75A7AB008D1210 /* Project object */;
			proxyType = 1;
			remoteGlobalIDString = E81E634D2D75A7AB008D1210;
			remoteInfo = CryptoWallet;
		};
/* End PBXContainerItemProxy section */

/* Begin PBXFileReference section */
		E80CFB122E2A660D00595D5D /* cryptowallet.entitlements */ = {isa = PBXFileReference; lastKnownFileType = text.plist.entitlements; path = cryptowallet.entitlements; sourceTree = "<group>"; };
		E81E634E2D75A7AB008D1210 /* CryptoWallet.app */ = {isa = PBXFileReference; explicitFileType = wrapper.application; includeInIndex = 0; path = CryptoWallet.app; sourceTree = BUILT_PRODUCTS_DIR; };
		E81E635E2D75A7AC008D1210 /* CryptoWalletTests.xctest */ = {isa = PBXFileReference; explicitFileType = wrapper.cfbundle; includeInIndex = 0; path = CryptoWalletTests.xctest; sourceTree = BUILT_PRODUCTS_DIR; };
		E81E63682D75A7AC008D1210 /* CryptoWalletUITests.xctest */ = {isa = PBXFileReference; explicitFileType = wrapper.cfbundle; includeInIndex = 0; path = CryptoWalletUITests.xctest; sourceTree = BUILT_PRODUCTS_DIR; };
/* End PBXFileReference section */

/* Begin PBXFileSystemSynchronizedBuildFileExceptionSet section */
		E8F329C62E15416400D927A3 /* Exceptions for "CryptoWallet" folder in "CryptoWallet" target */ = {
			isa = PBXFileSystemSynchronizedBuildFileExceptionSet;
			membershipExceptions = (
				"views/main/extensions/ DateFormatter+Extensions.swift",
			);
			target = E81E634D2D75A7AB008D1210 /* CryptoWallet */;
		};
/* End PBXFileSystemSynchronizedBuildFileExceptionSet section */

/* Begin PBXFileSystemSynchronizedRootGroup section */
		E81E63502D75A7AB008D1210 /* CryptoWallet */ = {
			isa = PBXFileSystemSynchronizedRootGroup;
			exceptions = (
				E8F329C62E15416400D927A3 /* Exceptions for "CryptoWallet" folder in "CryptoWallet" target */,
			);
			path = CryptoWallet;
			sourceTree = "<group>";
		};
		E81E63612D75A7AC008D1210 /* CryptoWalletTests */ = {
			isa = PBXFileSystemSynchronizedRootGroup;
			path = CryptoWalletTests;
			sourceTree = "<group>";
		};
		E81E636B2D75A7AC008D1210 /* CryptoWalletUITests */ = {
			isa = PBXFileSystemSynchronizedRootGroup;
			path = CryptoWalletUITests;
			sourceTree = "<group>";
		};
/* End PBXFileSystemSynchronizedRootGroup section */

/* Begin PBXFrameworksBuildPhase section */
		E81E634B2D75A7AB008D1210 /* Frameworks */ = {
			isa = PBXFrameworksBuildPhase;
			buildActionMask = 2147483647;
			files = (
				E85112A32E1D575C006CA44E /* Toast in Frameworks */,
				E825C1762E1D9E79003D73C3 /* secp256k1 in Frameworks */,
				E825C16A2E1D9783003D73C3 /* secp256k1 in Frameworks */,
				E85112A92E1D8C07006CA44E /* CryptoSwift in Frameworks */,
				E85112A02E1D573E006CA44E /* BigInt in Frameworks */,
				E85112A62E1D57FE006CA44E /* PersonaInquirySDK2 in Frameworks */,
			);
			runOnlyForDeploymentPostprocessing = 0;
		};
		E81E635B2D75A7AC008D1210 /* Frameworks */ = {
			isa = PBXFrameworksBuildPhase;
			buildActionMask = 2147483647;
			files = (
			);
			runOnlyForDeploymentPostprocessing = 0;
		};
		E81E63652D75A7AC008D1210 /* Frameworks */ = {
			isa = PBXFrameworksBuildPhase;
			buildActionMask = 2147483647;
			files = (
			);
			runOnlyForDeploymentPostprocessing = 0;
		};
/* End PBXFrameworksBuildPhase section */

/* Begin PBXGroup section */
		E81E63452D75A7AB008D1210 = {
			isa = PBXGroup;
			children = (
				E81E63502D75A7AB008D1210 /* CryptoWallet */,
				E81E63612D75A7AC008D1210 /* CryptoWalletTests */,
				E81E636B2D75A7AC008D1210 /* CryptoWalletUITests */,
				E81E634F2D75A7AB008D1210 /* Products */,
				E80CFB122E2A660D00595D5D /* cryptowallet.entitlements */,
			);
			sourceTree = "<group>";
		};
		E81E634F2D75A7AB008D1210 /* Products */ = {
			isa = PBXGroup;
			children = (
				E81E634E2D75A7AB008D1210 /* CryptoWallet.app */,
				E81E635E2D75A7AC008D1210 /* CryptoWalletTests.xctest */,
				E81E63682D75A7AC008D1210 /* CryptoWalletUITests.xctest */,
			);
			name = Products;
			sourceTree = "<group>";
		};
/* End PBXGroup section */

/* Begin PBXNativeTarget section */
		E81E634D2D75A7AB008D1210 /* CryptoWallet */ = {
			isa = PBXNativeTarget;
			buildConfigurationList = E81E63722D75A7AC008D1210 /* Build configuration list for PBXNativeTarget "CryptoWallet" */;
			buildPhases = (
				E81E634A2D75A7AB008D1210 /* Sources */,
				E81E634B2D75A7AB008D1210 /* Frameworks */,
			);
			buildRules = (
			);
			dependencies = (
			);
			fileSystemSynchronizedGroups = (
				E81E63502D75A7AB008D1210 /* CryptoWallet */,
			);
			name = CryptoWallet;
			packageProductDependencies = (
				E851129F2E1D573E006CA44E /* BigInt */,
				E85112A22E1D575C006CA44E /* Toast */,
				E85112A52E1D57FE006CA44E /* PersonaInquirySDK2 */,
				E85112A82E1D8C07006CA44E /* CryptoSwift */,
				E825C1692E1D9783003D73C3 /* secp256k1 */,
				E825C1752E1D9E79003D73C3 /* secp256k1 */,
			);
			productName = CryptoWallet;
			productReference = E81E634E2D75A7AB008D1210 /* CryptoWallet.app */;
			productType = "com.apple.product-type.application";
		};
		E81E635D2D75A7AC008D1210 /* CryptoWalletTests */ = {
			isa = PBXNativeTarget;
			buildConfigurationList = E81E63752D75A7AC008D1210 /* Build configuration list for PBXNativeTarget "CryptoWalletTests" */;
			buildPhases = (
				E81E635A2D75A7AC008D1210 /* Sources */,
				E81E635B2D75A7AC008D1210 /* Frameworks */,
				E81E635C2D75A7AC008D1210 /* Resources */,
			);
			buildRules = (
			);
			dependencies = (
				E81E63602D75A7AC008D1210 /* PBXTargetDependency */,
			);
			fileSystemSynchronizedGroups = (
				E81E63612D75A7AC008D1210 /* CryptoWalletTests */,
			);
			name = CryptoWalletTests;
			packageProductDependencies = (
			);
			productName = CryptoWalletTests;
			productReference = E81E635E2D75A7AC008D1210 /* CryptoWalletTests.xctest */;
			productType = "com.apple.product-type.bundle.unit-test";
		};
		E81E63672D75A7AC008D1210 /* CryptoWalletUITests */ = {
			isa = PBXNativeTarget;
			buildConfigurationList = E81E63782D75A7AC008D1210 /* Build configuration list for PBXNativeTarget "CryptoWalletUITests" */;
			buildPhases = (
				E81E63642D75A7AC008D1210 /* Sources */,
				E81E63652D75A7AC008D1210 /* Frameworks */,
				E81E63662D75A7AC008D1210 /* Resources */,
			);
			buildRules = (
			);
			dependencies = (
				E81E636A2D75A7AC008D1210 /* PBXTargetDependency */,
			);
			fileSystemSynchronizedGroups = (
				E81E636B2D75A7AC008D1210 /* CryptoWalletUITests */,
			);
			name = CryptoWalletUITests;
			packageProductDependencies = (
			);
			productName = CryptoWalletUITests;
			productReference = E81E63682D75A7AC008D1210 /* CryptoWalletUITests.xctest */;
			productType = "com.apple.product-type.bundle.ui-testing";
		};
/* End PBXNativeTarget section */

/* Begin PBXProject section */
		E81E63462D75A7AB008D1210 /* Project object */ = {
			isa = PBXProject;
			attributes = {
				BuildIndependentTargetsInParallel = 1;
				LastSwiftUpdateCheck = 1620;
				LastUpgradeCheck = 1620;
				TargetAttributes = {
					E81E634D2D75A7AB008D1210 = {
						CreatedOnToolsVersion = 16.2;
					};
					E81E635D2D75A7AC008D1210 = {
						CreatedOnToolsVersion = 16.2;
						TestTargetID = E81E634D2D75A7AB008D1210;
					};
					E81E63672D75A7AC008D1210 = {
						CreatedOnToolsVersion = 16.2;
						TestTargetID = E81E634D2D75A7AB008D1210;
					};
				};
			};
			buildConfigurationList = E81E63492D75A7AB008D1210 /* Build configuration list for PBXProject "CryptoWallet" */;
			developmentRegion = en;
			hasScannedForEncodings = 0;
			knownRegions = (
				en,
				Base,
			);
			mainGroup = E81E63452D75A7AB008D1210;
			minimizedProjectReferenceProxies = 1;
			packageReferences = (
				E851129E2E1D573E006CA44E /* XCRemoteSwiftPackageReference "BigInt" */,
				E85112A12E1D575C006CA44E /* XCRemoteSwiftPackageReference "toast-swift" */,
				E85112A42E1D57FE006CA44E /* XCRemoteSwiftPackageReference "inquiry-ios-2" */,
				E85112A72E1D8C07006CA44E /* XCRemoteSwiftPackageReference "CryptoSwift" */,
				E825C1742E1D9E79003D73C3 /* XCRemoteSwiftPackageReference "secp256k1.swift" */,
			);
			preferredProjectObjectVersion = 77;
			productRefGroup = E81E634F2D75A7AB008D1210 /* Products */;
			projectDirPath = "";
			projectRoot = "";
			targets = (
				E81E634D2D75A7AB008D1210 /* CryptoWallet */,
				E81E635D2D75A7AC008D1210 /* CryptoWalletTests */,
				E81E63672D75A7AC008D1210 /* CryptoWalletUITests */,
			);
		};
/* End PBXProject section */

/* Begin PBXResourcesBuildPhase section */
		E81E635C2D75A7AC008D1210 /* Resources */ = {
			isa = PBXResourcesBuildPhase;
			buildActionMask = 2147483647;
			files = (
			);
			runOnlyForDeploymentPostprocessing = 0;
		};
		E81E63662D75A7AC008D1210 /* Resources */ = {
			isa = PBXResourcesBuildPhase;
			buildActionMask = 2147483647;
			files = (
			);
			runOnlyForDeploymentPostprocessing = 0;
		};
/* End PBXResourcesBuildPhase section */

/* Begin PBXSourcesBuildPhase section */
		E81E634A2D75A7AB008D1210 /* Sources */ = {
			isa = PBXSourcesBuildPhase;
			buildActionMask = 2147483647;
			files = (
			);
			runOnlyForDeploymentPostprocessing = 0;
		};
		E81E635A2D75A7AC008D1210 /* Sources */ = {
			isa = PBXSourcesBuildPhase;
			buildActionMask = 2147483647;
			files = (
			);
			runOnlyForDeploymentPostprocessing = 0;
		};
		E81E63642D75A7AC008D1210 /* Sources */ = {
			isa = PBXSourcesBuildPhase;
			buildActionMask = 2147483647;
			files = (
			);
			runOnlyForDeploymentPostprocessing = 0;
		};
/* End PBXSourcesBuildPhase section */

/* Begin PBXTargetDependency section */
		E81E63602D75A7AC008D1210 /* PBXTargetDependency */ = {
			isa = PBXTargetDependency;
			target = E81E634D2D75A7AB008D1210 /* CryptoWallet */;
			targetProxy = E81E635F2D75A7AC008D1210 /* PBXContainerItemProxy */;
		};
		E81E636A2D75A7AC008D1210 /* PBXTargetDependency */ = {
			isa = PBXTargetDependency;
			target = E81E634D2D75A7AB008D1210 /* CryptoWallet */;
			targetProxy = E81E63692D75A7AC008D1210 /* PBXContainerItemProxy */;
		};
/* End PBXTargetDependency section */

/* Begin XCBuildConfiguration section */
		E81E63702D75A7AC008D1210 /* Debug */ = {
			isa = XCBuildConfiguration;
			buildSettings = {
				ALWAYS_SEARCH_USER_PATHS = NO;
				ASSETCATALOG_COMPILER_GENERATE_SWIFT_ASSET_SYMBOL_EXTENSIONS = YES;
				CLANG_ANALYZER_NONNULL = YES;
				CLANG_ANALYZER_NUMBER_OBJECT_CONVERSION = YES_AGGRESSIVE;
				CLANG_CXX_LANGUAGE_STANDARD = "gnu++20";
				CLANG_ENABLE_MODULES = YES;
				CLANG_ENABLE_OBJC_ARC = YES;
				CLANG_ENABLE_OBJC_WEAK = YES;
				CLANG_WARN_BLOCK_CAPTURE_AUTORELEASING = YES;
				CLANG_WARN_BOOL_CONVERSION = YES;
				CLANG_WARN_COMMA = YES;
				CLANG_WARN_CONSTANT_CONVERSION = YES;
				CLANG_WARN_DEPRECATED_OBJC_IMPLEMENTATIONS = YES;
				CLANG_WARN_DIRECT_OBJC_ISA_USAGE = YES_ERROR;
				CLANG_WARN_DOCUMENTATION_COMMENTS = YES;
				CLANG_WARN_EMPTY_BODY = YES;
				CLANG_WARN_ENUM_CONVERSION = YES;
				CLANG_WARN_INFINITE_RECURSION = YES;
				CLANG_WARN_INT_CONVERSION = YES;
				CLANG_WARN_NON_LITERAL_NULL_CONVERSION = YES;
				CLANG_WARN_OBJC_IMPLICIT_RETAIN_SELF = YES;
				CLANG_WARN_OBJC_LITERAL_CONVERSION = YES;
				CLANG_WARN_OBJC_ROOT_CLASS = YES_ERROR;
				CLANG_WARN_QUOTED_INCLUDE_IN_FRAMEWORK_HEADER = YES;
				CLANG_WARN_RANGE_LOOP_ANALYSIS = YES;
				CLANG_WARN_STRICT_PROTOTYPES = YES;
				CLANG_WARN_SUSPICIOUS_MOVE = YES;
				CLANG_WARN_UNGUARDED_AVAILABILITY = YES_AGGRESSIVE;
				CLANG_WARN_UNREACHABLE_CODE = YES;
				CLANG_WARN__DUPLICATE_METHOD_MATCH = YES;
				COPY_PHASE_STRIP = NO;
				DEBUG_INFORMATION_FORMAT = dwarf;
				ENABLE_STRICT_OBJC_MSGSEND = YES;
				ENABLE_TESTABILITY = YES;
				ENABLE_USER_SCRIPT_SANDBOXING = YES;
				GCC_C_LANGUAGE_STANDARD = gnu17;
				GCC_DYNAMIC_NO_PIC = NO;
				GCC_NO_COMMON_BLOCKS = YES;
				GCC_OPTIMIZATION_LEVEL = 0;
				GCC_PREPROCESSOR_DEFINITIONS = (
					"DEBUG=1",
					"$(inherited)",
				);
				GCC_WARN_64_TO_32_BIT_CONVERSION = YES;
				GCC_WARN_ABOUT_RETURN_TYPE = YES_ERROR;
				GCC_WARN_UNDECLARED_SELECTOR = YES;
				GCC_WARN_UNINITIALIZED_AUTOS = YES_AGGRESSIVE;
				GCC_WARN_UNUSED_FUNCTION = YES;
				GCC_WARN_UNUSED_VARIABLE = YES;
				IPHONEOS_DEPLOYMENT_TARGET = 18.2;
				LOCALIZATION_PREFERS_STRING_CATALOGS = YES;
				MTL_ENABLE_DEBUG_INFO = INCLUDE_SOURCE;
				MTL_FAST_MATH = YES;
				ONLY_ACTIVE_ARCH = YES;
				SDKROOT = iphoneos;
				SWIFT_ACTIVE_COMPILATION_CONDITIONS = "DEBUG $(inherited)";
				SWIFT_OPTIMIZATION_LEVEL = "-Onone";
			};
			name = Debug;
		};
		E81E63712D75A7AC008D1210 /* Release */ = {
			isa = XCBuildConfiguration;
			buildSettings = {
				ALWAYS_SEARCH_USER_PATHS = NO;
				ASSETCATALOG_COMPILER_GENERATE_SWIFT_ASSET_SYMBOL_EXTENSIONS = YES;
				CLANG_ANALYZER_NONNULL = YES;
				CLANG_ANALYZER_NUMBER_OBJECT_CONVERSION = YES_AGGRESSIVE;
				CLANG_CXX_LANGUAGE_STANDARD = "gnu++20";
				CLANG_ENABLE_MODULES = YES;
				CLANG_ENABLE_OBJC_ARC = YES;
				CLANG_ENABLE_OBJC_WEAK = YES;
				CLANG_WARN_BLOCK_CAPTURE_AUTORELEASING = YES;
				CLANG_WARN_BOOL_CONVERSION = YES;
				CLANG_WARN_COMMA = YES;
				CLANG_WARN_CONSTANT_CONVERSION = YES;
				CLANG_WARN_DEPRECATED_OBJC_IMPLEMENTATIONS = YES;
				CLANG_WARN_DIRECT_OBJC_ISA_USAGE = YES_ERROR;
				CLANG_WARN_DOCUMENTATION_COMMENTS = YES;
				CLANG_WARN_EMPTY_BODY = YES;
				CLANG_WARN_ENUM_CONVERSION = YES;
				CLANG_WARN_INFINITE_RECURSION = YES;
				CLANG_WARN_INT_CONVERSION = YES;
				CLANG_WARN_NON_LITERAL_NULL_CONVERSION = YES;
				CLANG_WARN_OBJC_IMPLICIT_RETAIN_SELF = YES;
				CLANG_WARN_OBJC_LITERAL_CONVERSION = YES;
				CLANG_WARN_OBJC_ROOT_CLASS = YES_ERROR;
				CLANG_WARN_QUOTED_INCLUDE_IN_FRAMEWORK_HEADER = YES;
				CLANG_WARN_RANGE_LOOP_ANALYSIS = YES;
				CLANG_WARN_STRICT_PROTOTYPES = YES;
				CLANG_WARN_SUSPICIOUS_MOVE = YES;
				CLANG_WARN_UNGUARDED_AVAILABILITY = YES_AGGRESSIVE;
				CLANG_WARN_UNREACHABLE_CODE = YES;
				CLANG_WARN__DUPLICATE_METHOD_MATCH = YES;
				COPY_PHASE_STRIP = NO;
				DEBUG_INFORMATION_FORMAT = "dwarf-with-dsym";
				ENABLE_NS_ASSERTIONS = NO;
				ENABLE_STRICT_OBJC_MSGSEND = YES;
				ENABLE_USER_SCRIPT_SANDBOXING = YES;
				GCC_C_LANGUAGE_STANDARD = gnu17;
				GCC_NO_COMMON_BLOCKS = YES;
				GCC_WARN_64_TO_32_BIT_CONVERSION = YES;
				GCC_WARN_ABOUT_RETURN_TYPE = YES_ERROR;
				GCC_WARN_UNDECLARED_SELECTOR = YES;
				GCC_WARN_UNINITIALIZED_AUTOS = YES_AGGRESSIVE;
				GCC_WARN_UNUSED_FUNCTION = YES;
				GCC_WARN_UNUSED_VARIABLE = YES;
				IPHONEOS_DEPLOYMENT_TARGET = 18.2;
				LOCALIZATION_PREFERS_STRING_CATALOGS = YES;
				MTL_ENABLE_DEBUG_INFO = NO;
				MTL_FAST_MATH = YES;
				SDKROOT = iphoneos;
				SWIFT_COMPILATION_MODE = wholemodule;
				VALIDATE_PRODUCT = YES;
			};
			name = Release;
		};
		E81E63732D75A7AC008D1210 /* Debug */ = {
			isa = XCBuildConfiguration;
			buildSettings = {
				ASSETCATALOG_COMPILER_APPICON_NAME = AppIcon;
				ASSETCATALOG_COMPILER_GLOBAL_ACCENT_COLOR_NAME = AccentColor;
				CODE_SIGN_ENTITLEMENTS = cryptowallet.entitlements;
				CODE_SIGN_STYLE = Automatic;
				CURRENT_PROJECT_VERSION = 1;
				DEVELOPMENT_ASSET_PATHS = "\"CryptoWallet/Preview Content\"";
				DEVELOPMENT_TEAM = 828PG3Q6MA;
				ENABLE_PREVIEWS = YES;
				GENERATE_INFOPLIST_FILE = YES;
				INFOPLIST_KEY_NFCReaderUsageDescription = "This app uses NFC to scan your government‑issued ID securely";
				INFOPLIST_KEY_NSCameraUsageDescription = "This app requires camera access to verify your identity using government ID.\n";
				INFOPLIST_KEY_UIApplicationSceneManifest_Generation = YES;
				INFOPLIST_KEY_UIApplicationSupportsIndirectInputEvents = YES;
				INFOPLIST_KEY_UILaunchScreen_Generation = YES;
				INFOPLIST_KEY_UISupportedInterfaceOrientations_iPad = "UIInterfaceOrientationPortrait UIInterfaceOrientationPortraitUpsideDown UIInterfaceOrientationLandscapeLeft UIInterfaceOrientationLandscapeRight";
				INFOPLIST_KEY_UISupportedInterfaceOrientations_iPhone = "UIInterfaceOrientationPortrait UIInterfaceOrientationLandscapeLeft UIInterfaceOrientationLandscapeRight";
				LD_RUNPATH_SEARCH_PATHS = (
					"$(inherited)",
					"@executable_path/Frameworks",
				);
				MARKETING_VERSION = 1.0;
				PRODUCT_BUNDLE_IDENTIFIER = IsrailAhmed.CryptoWallet;
				PRODUCT_NAME = "$(TARGET_NAME)";
				SWIFT_EMIT_LOC_STRINGS = YES;
				SWIFT_VERSION = 5.0;
				TARGETED_DEVICE_FAMILY = "1,2";
			};
			name = Debug;
		};
		E81E63742D75A7AC008D1210 /* Release */ = {
			isa = XCBuildConfiguration;
			buildSettings = {
				ASSETCATALOG_COMPILER_APPICON_NAME = AppIcon;
				ASSETCATALOG_COMPILER_GLOBAL_ACCENT_COLOR_NAME = AccentColor;
				CODE_SIGN_ENTITLEMENTS = cryptowallet.entitlements;
				CODE_SIGN_STYLE = Automatic;
				CURRENT_PROJECT_VERSION = 1;
				DEVELOPMENT_ASSET_PATHS = "\"CryptoWallet/Preview Content\"";
				DEVELOPMENT_TEAM = 828PG3Q6MA;
				ENABLE_PREVIEWS = YES;
				GENERATE_INFOPLIST_FILE = YES;
				INFOPLIST_KEY_NFCReaderUsageDescription = "This app uses NFC to scan your government‑issued ID securely";
				INFOPLIST_KEY_NSCameraUsageDescription = "This app requires camera access to verify your identity using government ID.\n";
				INFOPLIST_KEY_UIApplicationSceneManifest_Generation = YES;
				INFOPLIST_KEY_UIApplicationSupportsIndirectInputEvents = YES;
				INFOPLIST_KEY_UILaunchScreen_Generation = YES;
				INFOPLIST_KEY_UISupportedInterfaceOrientations_iPad = "UIInterfaceOrientationPortrait UIInterfaceOrientationPortraitUpsideDown UIInterfaceOrientationLandscapeLeft UIInterfaceOrientationLandscapeRight";
				INFOPLIST_KEY_UISupportedInterfaceOrientations_iPhone = "UIInterfaceOrientationPortrait UIInterfaceOrientationLandscapeLeft UIInterfaceOrientationLandscapeRight";
				LD_RUNPATH_SEARCH_PATHS = (
					"$(inherited)",
					"@executable_path/Frameworks",
				);
				MARKETING_VERSION = 1.0;
				PRODUCT_BUNDLE_IDENTIFIER = IsrailAhmed.CryptoWallet;
				PRODUCT_NAME = "$(TARGET_NAME)";
				SWIFT_EMIT_LOC_STRINGS = YES;
				SWIFT_VERSION = 5.0;
				TARGETED_DEVICE_FAMILY = "1,2";
			};
			name = Release;
		};
		E81E63762D75A7AC008D1210 /* Debug */ = {
			isa = XCBuildConfiguration;
			buildSettings = {
				BUNDLE_LOADER = "$(TEST_HOST)";
				CODE_SIGN_STYLE = Automatic;
				CURRENT_PROJECT_VERSION = 1;
				DEVELOPMENT_TEAM = XU5YG8Z2VX;
				GENERATE_INFOPLIST_FILE = YES;
				IPHONEOS_DEPLOYMENT_TARGET = 18.2;
				MARKETING_VERSION = 1.0;
				PRODUCT_BUNDLE_IDENTIFIER = MehadiShakil.CryptoWalletTests;
				PRODUCT_NAME = "$(TARGET_NAME)";
				SWIFT_EMIT_LOC_STRINGS = NO;
				SWIFT_VERSION = 5.0;
				TARGETED_DEVICE_FAMILY = "1,2";
				TEST_HOST = "$(BUILT_PRODUCTS_DIR)/CryptoWallet.app/$(BUNDLE_EXECUTABLE_FOLDER_PATH)/CryptoWallet";
			};
			name = Debug;
		};
		E81E63772D75A7AC008D1210 /* Release */ = {
			isa = XCBuildConfiguration;
			buildSettings = {
				BUNDLE_LOADER = "$(TEST_HOST)";
				CODE_SIGN_STYLE = Automatic;
				CURRENT_PROJECT_VERSION = 1;
				DEVELOPMENT_TEAM = XU5YG8Z2VX;
				GENERATE_INFOPLIST_FILE = YES;
				IPHONEOS_DEPLOYMENT_TARGET = 18.2;
				MARKETING_VERSION = 1.0;
				PRODUCT_BUNDLE_IDENTIFIER = MehadiShakil.CryptoWalletTests;
				PRODUCT_NAME = "$(TARGET_NAME)";
				SWIFT_EMIT_LOC_STRINGS = NO;
				SWIFT_VERSION = 5.0;
				TARGETED_DEVICE_FAMILY = "1,2";
				TEST_HOST = "$(BUILT_PRODUCTS_DIR)/CryptoWallet.app/$(BUNDLE_EXECUTABLE_FOLDER_PATH)/CryptoWallet";
			};
			name = Release;
		};
		E81E63792D75A7AC008D1210 /* Debug */ = {
			isa = XCBuildConfiguration;
			buildSettings = {
				CODE_SIGN_STYLE = Automatic;
				CURRENT_PROJECT_VERSION = 1;
				DEVELOPMENT_TEAM = XU5YG8Z2VX;
				GENERATE_INFOPLIST_FILE = YES;
				MARKETING_VERSION = 1.0;
				PRODUCT_BUNDLE_IDENTIFIER = MehadiShakil.CryptoWalletUITests;
				PRODUCT_NAME = "$(TARGET_NAME)";
				SWIFT_EMIT_LOC_STRINGS = NO;
				SWIFT_VERSION = 5.0;
				TARGETED_DEVICE_FAMILY = "1,2";
				TEST_TARGET_NAME = CryptoWallet;
			};
			name = Debug;
		};
		E81E637A2D75A7AC008D1210 /* Release */ = {
			isa = XCBuildConfiguration;
			buildSettings = {
				CODE_SIGN_STYLE = Automatic;
				CURRENT_PROJECT_VERSION = 1;
				DEVELOPMENT_TEAM = XU5YG8Z2VX;
				GENERATE_INFOPLIST_FILE = YES;
				MARKETING_VERSION = 1.0;
				PRODUCT_BUNDLE_IDENTIFIER = MehadiShakil.CryptoWalletUITests;
				PRODUCT_NAME = "$(TARGET_NAME)";
				SWIFT_EMIT_LOC_STRINGS = NO;
				SWIFT_VERSION = 5.0;
				TARGETED_DEVICE_FAMILY = "1,2";
				TEST_TARGET_NAME = CryptoWallet;
			};
			name = Release;
		};
/* End XCBuildConfiguration section */

/* Begin XCConfigurationList section */
		E81E63492D75A7AB008D1210 /* Build configuration list for PBXProject "CryptoWallet" */ = {
			isa = XCConfigurationList;
			buildConfigurations = (
				E81E63702D75A7AC008D1210 /* Debug */,
				E81E63712D75A7AC008D1210 /* Release */,
			);
			defaultConfigurationIsVisible = 0;
			defaultConfigurationName = Release;
		};
		E81E63722D75A7AC008D1210 /* Build configuration list for PBXNativeTarget "CryptoWallet" */ = {
			isa = XCConfigurationList;
			buildConfigurations = (
				E81E63732D75A7AC008D1210 /* Debug */,
				E81E63742D75A7AC008D1210 /* Release */,
			);
			defaultConfigurationIsVisible = 0;
			defaultConfigurationName = Release;
		};
		E81E63752D75A7AC008D1210 /* Build configuration list for PBXNativeTarget "CryptoWalletTests" */ = {
			isa = XCConfigurationList;
			buildConfigurations = (
				E81E63762D75A7AC008D1210 /* Debug */,
				E81E63772D75A7AC008D1210 /* Release */,
			);
			defaultConfigurationIsVisible = 0;
			defaultConfigurationName = Release;
		};
		E81E63782D75A7AC008D1210 /* Build configuration list for PBXNativeTarget "CryptoWalletUITests" */ = {
			isa = XCConfigurationList;
			buildConfigurations = (
				E81E63792D75A7AC008D1210 /* Debug */,
				E81E637A2D75A7AC008D1210 /* Release */,
			);
			defaultConfigurationIsVisible = 0;
			defaultConfigurationName = Release;
		};
/* End XCConfigurationList section */

/* Begin XCRemoteSwiftPackageReference section */
		E825C1742E1D9E79003D73C3 /* XCRemoteSwiftPackageReference "secp256k1.swift" */ = {
			isa = XCRemoteSwiftPackageReference;
			repositoryURL = "https://github.com/Boilertalk/secp256k1.swift.git";
			requirement = {
				kind = upToNextMajorVersion;
				minimumVersion = 0.1.7;
			};
		};
		E851129E2E1D573E006CA44E /* XCRemoteSwiftPackageReference "BigInt" */ = {
			isa = XCRemoteSwiftPackageReference;
			repositoryURL = "https://github.com/attaswift/BigInt.git";
			requirement = {
				kind = upToNextMajorVersion;
				minimumVersion = 5.1.0;
			};
		};
		E85112A12E1D575C006CA44E /* XCRemoteSwiftPackageReference "toast-swift" */ = {
			isa = XCRemoteSwiftPackageReference;
			repositoryURL = "https://github.com/BastiaanJansen/toast-swift";
			requirement = {
				kind = upToNextMajorVersion;
				minimumVersion = 2.1.3;
			};
		};
		E85112A42E1D57FE006CA44E /* XCRemoteSwiftPackageReference "inquiry-ios-2" */ = {
			isa = XCRemoteSwiftPackageReference;
			repositoryURL = "https://github.com/persona-id/inquiry-ios-2.git";
			requirement = {
				kind = upToNextMajorVersion;
				minimumVersion = 2.28.1;
			};
		};
		E85112A72E1D8C07006CA44E /* XCRemoteSwiftPackageReference "CryptoSwift" */ = {
			isa = XCRemoteSwiftPackageReference;
			repositoryURL = "https://github.com/krzyzanowskim/CryptoSwift.git";
			requirement = {
				kind = upToNextMajorVersion;
				minimumVersion = 1.8.5;
			};
		};
/* End XCRemoteSwiftPackageReference section */

/* Begin XCSwiftPackageProductDependency section */
		E825C1692E1D9783003D73C3 /* secp256k1 */ = {
			isa = XCSwiftPackageProductDependency;
			productName = secp256k1;
		};
		E825C1752E1D9E79003D73C3 /* secp256k1 */ = {
			isa = XCSwiftPackageProductDependency;
			package = E825C1742E1D9E79003D73C3 /* XCRemoteSwiftPackageReference "secp256k1.swift" */;
			productName = secp256k1;
		};
		E851129F2E1D573E006CA44E /* BigInt */ = {
			isa = XCSwiftPackageProductDependency;
			package = E851129E2E1D573E006CA44E /* XCRemoteSwiftPackageReference "BigInt" */;
			productName = BigInt;
		};
		E85112A22E1D575C006CA44E /* Toast */ = {
			isa = XCSwiftPackageProductDependency;
			package = E85112A12E1D575C006CA44E /* XCRemoteSwiftPackageReference "toast-swift" */;
			productName = Toast;
		};
		E85112A52E1D57FE006CA44E /* PersonaInquirySDK2 */ = {
			isa = XCSwiftPackageProductDependency;
			package = E85112A42E1D57FE006CA44E /* XCRemoteSwiftPackageReference "inquiry-ios-2" */;
			productName = PersonaInquirySDK2;
		};
		E85112A82E1D8C07006CA44E /* CryptoSwift */ = {
			isa = XCSwiftPackageProductDependency;
			package = E85112A72E1D8C07006CA44E /* XCRemoteSwiftPackageReference "CryptoSwift" */;
			productName = CryptoSwift;
		};
/* End XCSwiftPackageProductDependency section */
	};
	rootObject = E81E63462D75A7AB008D1210 /* Project object */;
}
