{
  "originHash" : "8b0e361d88c3b8257b353cbd8127a0f74fd00b9feadcc5bb46d47540093ad450",
  "pins" : [
    {
      "identity" : "bigint",
      "kind" : "remoteSourceControl",
      "location" : "https://github.com/attaswift/BigInt.git",
      "state" : {
        "revision" : "793a7fac0bfc318e85994bf6900652e827aef33e",
        "version" : "5.4.1"
      }
    },
    {
      "identity" : "cryptoswift",
      "kind" : "remoteSourceControl",
      "location" : "https://github.com/krzyzanowskim/CryptoSwift.git",
      "state" : {
        "revision" : "132f5b209cd0251067f29cdb59c97d9f8a63252a",
        "version" : "1.8.5"
      }
    },
    {
      "identity" : "inquiry-ios-2",
      "kind" : "remoteSourceControl",
      "location" : "https://github.com/persona-id/inquiry-ios-2.git",
      "state" : {
        "revision" : "37753c9370ef5fce0418b7fd974b5fb01c7f7271",
        "version" : "2.28.1"
      }
    },
    {
      "identity" : "secp256k1.swift",
      "kind" : "remoteSourceControl",
      "location" : "https://github.com/Boilertalk/secp256k1.swift.git",
      "state" : {
        "revision" : "cd187c632fb812fd93711a9f7e644adb7e5f97f0",
        "version" : "0.1.7"
      }
    },
    {
      "identity" : "toast-swift",
      "kind" : "remoteSourceControl",
      "location" : "https://github.com/BastiaanJansen/toast-swift",
      "state" : {
        "revision" : "b8f0de845abca47eee747b6e671f1141ec4dcf3e",
        "version" : "2.1.3"
      }
    }
  ],
  "version" : 3
}
